// !$*UTF8*$!
{
	archiveVersion = 1;
	classes = {
	};
	objectVersion = 56;
	objects = {

/* Begin PBXBuildFile section */
		C01A374A299D5AF3001856BA /* UserEntity.swift in Sources */ = {isa = PBXBuildFile; fileRef = C01A3749299D5AF3001856BA /* UserEntity.swift */; };
		C01A3753299DB9FB001856BA /* ThirdPartySigninUsecaseTest.swift in Sources */ = {isa = PBXBuildFile; fileRef = C01A3752299DB9FB001856BA /* ThirdPartySigninUsecaseTest.swift */; };
		C01A3755299DC782001856BA /* ISigninRepository.swift in Sources */ = {isa = PBXBuildFile; fileRef = C01A3754299DC782001856BA /* ISigninRepository.swift */; };
		C01A3757299DC9CA001856BA /* ThridPartySigninUsecase.swift in Sources */ = {isa = PBXBuildFile; fileRef = C01A3756299DC9CA001856BA /* ThridPartySigninUsecase.swift */; };
		C022FE5329A11B0200F53B0B /* LocalDatabase.xcdatamodeld in Sources */ = {isa = PBXBuildFile; fileRef = C022FE5129A11B0200F53B0B /* LocalDatabase.xcdatamodeld */; };
		C022FE5929A122E200F53B0B /* LocalDatabaseManager.swift in Sources */ = {isa = PBXBuildFile; fileRef = C022FE5829A122E200F53B0B /* LocalDatabaseManager.swift */; };
		C022FE6329A19D8C00F53B0B /* ActivityLocalDatasource.swift in Sources */ = {isa = PBXBuildFile; fileRef = C022FE6229A19D8C00F53B0B /* ActivityLocalDatasource.swift */; };
		C022FE6529A19DE900F53B0B /* ActivityDataModel.swift in Sources */ = {isa = PBXBuildFile; fileRef = C022FE6429A19DE900F53B0B /* ActivityDataModel.swift */; };
		C022FE6729A19EAE00F53B0B /*  ActivityRepositoryImp.swift in Sources */ = {isa = PBXBuildFile; fileRef = C022FE6629A19EAE00F53B0B /*  ActivityRepositoryImp.swift */; };
		C022FE6D29A19F5000F53B0B /* ActivityRepository.swift in Sources */ = {isa = PBXBuildFile; fileRef = C022FE6C29A19F5000F53B0B /* ActivityRepository.swift */; };
		C022FE6F29A19FF900F53B0B /* FetchActivitiesUsecase.swift in Sources */ = {isa = PBXBuildFile; fileRef = C022FE6E29A19FF900F53B0B /* FetchActivitiesUsecase.swift */; };
		C022FE7229A1A34900F53B0B /* ActivitiesViewModel.swift in Sources */ = {isa = PBXBuildFile; fileRef = C022FE7129A1A34900F53B0B /* ActivitiesViewModel.swift */; };
		C022FE7429A1A35500F53B0B /* ActivitiesView.swift in Sources */ = {isa = PBXBuildFile; fileRef = C022FE7329A1A35500F53B0B /* ActivitiesView.swift */; };
		C0461176299ECC5F0050ABFD /* SigninRepository.swift in Sources */ = {isa = PBXBuildFile; fileRef = C0461175299ECC5F0050ABFD /* SigninRepository.swift */; };
		C0B834ED299D2BF5001436E8 /* MoodJourneyApp.swift in Sources */ = {isa = PBXBuildFile; fileRef = C0B834EC299D2BF5001436E8 /* MoodJourneyApp.swift */; };
		C0B834EF299D2BF5001436E8 /* SigninView.swift in Sources */ = {isa = PBXBuildFile; fileRef = C0B834EE299D2BF5001436E8 /* SigninView.swift */; };
		C0B834F1299D2BF7001436E8 /* Assets.xcassets in Resources */ = {isa = PBXBuildFile; fileRef = C0B834F0299D2BF7001436E8 /* Assets.xcassets */; };
		C0B834F4299D2BF7001436E8 /* Preview Assets.xcassets in Resources */ = {isa = PBXBuildFile; fileRef = C0B834F3299D2BF7001436E8 /* Preview Assets.xcassets */; };
		C0B834FE299D2BF7001436E8 /* MoodJourneyTests.swift in Sources */ = {isa = PBXBuildFile; fileRef = C0B834FD299D2BF7001436E8 /* MoodJourneyTests.swift */; };
		C0C31740299E8E1200B998C5 /* AnyError.swift in Sources */ = {isa = PBXBuildFile; fileRef = C0C3173F299E8E1200B998C5 /* AnyError.swift */; };
		C0F05A55299EEF3A00385F65 /* ThirdPartySigninRemoteDataSourceTest.swift in Sources */ = {isa = PBXBuildFile; fileRef = C0F05A54299EEF3A00385F65 /* ThirdPartySigninRemoteDataSourceTest.swift */; };
		C0F05A5A299EFF5100385F65 /* ThirdPartySigninRemoteDataSource.swift in Sources */ = {isa = PBXBuildFile; fileRef = C0F05A59299EFF5100385F65 /* ThirdPartySigninRemoteDataSource.swift */; };
		C0F05A5C299F00B700385F65 /* UserDataModel.swift in Sources */ = {isa = PBXBuildFile; fileRef = C0F05A5B299F00B700385F65 /* UserDataModel.swift */; };
		C0F05A5E299F032700385F65 /* NetworkManager.swift in Sources */ = {isa = PBXBuildFile; fileRef = C0F05A5D299F032700385F65 /* NetworkManager.swift */; };
		C0F05A64299F073E00385F65 /* SigninViewModel.swift in Sources */ = {isa = PBXBuildFile; fileRef = C0F05A63299F073E00385F65 /* SigninViewModel.swift */; };
		C0F05A66299F07C100385F65 /* SigninWithAppleButton.swift in Sources */ = {isa = PBXBuildFile; fileRef = C0F05A65299F07C100385F65 /* SigninWithAppleButton.swift */; };
		C0F05A6C299F110C00385F65 /* SigninWithGoogleButton.swift in Sources */ = {isa = PBXBuildFile; fileRef = C0F05A6B299F110C00385F65 /* SigninWithGoogleButton.swift */; };
		C0F05A73299F1BBF00385F65 /* FeelingEntity+extension.swift in Sources */ = {isa = PBXBuildFile; fileRef = C0F05A72299F1BBF00385F65 /* FeelingEntity+extension.swift */; };
		C0F05A77299F1D5A00385F65 /* IFeelingRepository.swift in Sources */ = {isa = PBXBuildFile; fileRef = C0F05A76299F1D5A00385F65 /* IFeelingRepository.swift */; };
		C0F05A79299F1DF200385F65 /* AddFeelingToActivityUsecase.swift in Sources */ = {isa = PBXBuildFile; fileRef = C0F05A78299F1DF200385F65 /* AddFeelingToActivityUsecase.swift */; };
		C0F05A7B299FF37500385F65 /* ActivityEntity+extension.swift in Sources */ = {isa = PBXBuildFile; fileRef = C0F05A7A299FF37500385F65 /* ActivityEntity+extension.swift */; };
		C0F05A81299FF79100385F65 /* FeelingRepositoryImp.swift in Sources */ = {isa = PBXBuildFile; fileRef = C0F05A80299FF79100385F65 /* FeelingRepositoryImp.swift */; };
		C0F05A84299FF87600385F65 /* FeelingDataModel.swift in Sources */ = {isa = PBXBuildFile; fileRef = C0F05A83299FF87600385F65 /* FeelingDataModel.swift */; };
		C0F05A86299FF89800385F65 /* FeelingLocalDatasource.swift in Sources */ = {isa = PBXBuildFile; fileRef = C0F05A85299FF89800385F65 /* FeelingLocalDatasource.swift */; };
		C0F05A96299FFCE400385F65 /* AddFeelingToActivityUsecase.swift in Sources */ = {isa = PBXBuildFile; fileRef = C0F05A8A299FF96E00385F65 /* AddFeelingToActivityUsecase.swift */; };
		C0F05AA729A00FAD00385F65 /* GoogleSignInSwift in Frameworks */ = {isa = PBXBuildFile; productRef = C0F05AA629A00FAD00385F65 /* GoogleSignInSwift */; };
		C0F05AA929A0101100385F65 /* GoogleSignInSwift in Frameworks */ = {isa = PBXBuildFile; productRef = C0F05AA829A0101100385F65 /* GoogleSignInSwift */; };
		C0F05AAB29A013ED00385F65 /* MoodJourneyUITests.swift in Sources */ = {isa = PBXBuildFile; fileRef = C0B83507299D2BF7001436E8 /* MoodJourneyUITests.swift */; };
		C0F05AAC29A013ED00385F65 /* MoodJourneyUITestsLaunchTests.swift in Sources */ = {isa = PBXBuildFile; fileRef = C0B83509299D2BF7001436E8 /* MoodJourneyUITestsLaunchTests.swift */; };
		C0F05AB129A0330A00385F65 /* AddFeelingView.swift in Sources */ = {isa = PBXBuildFile; fileRef = C0F05AB029A0330A00385F65 /* AddFeelingView.swift */; };
		C0F05AB329A0332400385F65 /* AddFeelingViewModel.swift in Sources */ = {isa = PBXBuildFile; fileRef = C0F05AB229A0332400385F65 /* AddFeelingViewModel.swift */; };
		C0F05AB529A0624B00385F65 /* AnyViewModel.swift in Sources */ = {isa = PBXBuildFile; fileRef = C0F05AB429A0624B00385F65 /* AnyViewModel.swift */; };
		C0F05AB829A064D400385F65 /* Factory in Frameworks */ = {isa = PBXBuildFile; productRef = C0F05AB729A064D400385F65 /* Factory */; };
		C0F05ABD29A0650B00385F65 /* Container+extension.swift in Sources */ = {isa = PBXBuildFile; fileRef = C0F05ABB29A0650B00385F65 /* Container+extension.swift */; };
/* End PBXBuildFile section */

/* Begin PBXContainerItemProxy section */
		C0B834FA299D2BF7001436E8 /* PBXContainerItemProxy */ = {
			isa = PBXContainerItemProxy;
			containerPortal = C0B834E1299D2BF5001436E8 /* Project object */;
			proxyType = 1;
			remoteGlobalIDString = C0B834E8299D2BF5001436E8;
			remoteInfo = MoodJourney;
		};
		C0B83504299D2BF7001436E8 /* PBXContainerItemProxy */ = {
			isa = PBXContainerItemProxy;
			containerPortal = C0B834E1299D2BF5001436E8 /* Project object */;
			proxyType = 1;
			remoteGlobalIDString = C0B834E8299D2BF5001436E8;
			remoteInfo = MoodJourney;
		};
/* End PBXContainerItemProxy section */

/* Begin PBXFileReference section */
		C01A3749299D5AF3001856BA /* UserEntity.swift */ = {isa = PBXFileReference; lastKnownFileType = sourcecode.swift; path = UserEntity.swift; sourceTree = "<group>"; };
		C01A3752299DB9FB001856BA /* ThirdPartySigninUsecaseTest.swift */ = {isa = PBXFileReference; lastKnownFileType = sourcecode.swift; path = ThirdPartySigninUsecaseTest.swift; sourceTree = "<group>"; };
		C01A3754299DC782001856BA /* ISigninRepository.swift */ = {isa = PBXFileReference; lastKnownFileType = sourcecode.swift; path = ISigninRepository.swift; sourceTree = "<group>"; };
		C01A3756299DC9CA001856BA /* ThridPartySigninUsecase.swift */ = {isa = PBXFileReference; lastKnownFileType = sourcecode.swift; path = ThridPartySigninUsecase.swift; sourceTree = "<group>"; };
		C022FE3D29A1153500F53B0B /* MoodJourney.app */ = {isa = PBXFileReference; explicitFileType = wrapper.application; includeInIndex = 0; path = MoodJourney.app; sourceTree = BUILT_PRODUCTS_DIR; };
		C022FE3E29A1153500F53B0B /* MoodJourneyTests.xctest */ = {isa = PBXFileReference; explicitFileType = wrapper.cfbundle; includeInIndex = 0; path = MoodJourneyTests.xctest; sourceTree = BUILT_PRODUCTS_DIR; };
		C022FE3F29A1153500F53B0B /* MoodJourneyUITests.xctest */ = {isa = PBXFileReference; explicitFileType = wrapper.cfbundle; includeInIndex = 0; path = MoodJourneyUITests.xctest; sourceTree = BUILT_PRODUCTS_DIR; };
		C022FE5229A11B0200F53B0B /* LocalDatabase.xcdatamodel */ = {isa = PBXFileReference; lastKnownFileType = wrapper.xcdatamodel; path = LocalDatabase.xcdatamodel; sourceTree = "<group>"; };
		C022FE5829A122E200F53B0B /* LocalDatabaseManager.swift */ = {isa = PBXFileReference; lastKnownFileType = sourcecode.swift; path = LocalDatabaseManager.swift; sourceTree = "<group>"; };
		C022FE6229A19D8C00F53B0B /* ActivityLocalDatasource.swift */ = {isa = PBXFileReference; lastKnownFileType = sourcecode.swift; path = ActivityLocalDatasource.swift; sourceTree = "<group>"; };
		C022FE6429A19DE900F53B0B /* ActivityDataModel.swift */ = {isa = PBXFileReference; lastKnownFileType = sourcecode.swift; path = ActivityDataModel.swift; sourceTree = "<group>"; };
		C022FE6629A19EAE00F53B0B /*  ActivityRepositoryImp.swift */ = {isa = PBXFileReference; lastKnownFileType = sourcecode.swift; path = " ActivityRepositoryImp.swift"; sourceTree = "<group>"; };
		C022FE6C29A19F5000F53B0B /* ActivityRepository.swift */ = {isa = PBXFileReference; lastKnownFileType = sourcecode.swift; path = ActivityRepository.swift; sourceTree = "<group>"; };
		C022FE6E29A19FF900F53B0B /* FetchActivitiesUsecase.swift */ = {isa = PBXFileReference; lastKnownFileType = sourcecode.swift; path = FetchActivitiesUsecase.swift; sourceTree = "<group>"; };
		C022FE7129A1A34900F53B0B /* ActivitiesViewModel.swift */ = {isa = PBXFileReference; lastKnownFileType = sourcecode.swift; path = ActivitiesViewModel.swift; sourceTree = "<group>"; };
		C022FE7329A1A35500F53B0B /* ActivitiesView.swift */ = {isa = PBXFileReference; lastKnownFileType = sourcecode.swift; path = ActivitiesView.swift; sourceTree = "<group>"; };
		C0461175299ECC5F0050ABFD /* SigninRepository.swift */ = {isa = PBXFileReference; lastKnownFileType = sourcecode.swift; path = SigninRepository.swift; sourceTree = "<group>"; };
		C0B834EC299D2BF5001436E8 /* MoodJourneyApp.swift */ = {isa = PBXFileReference; lastKnownFileType = sourcecode.swift; path = MoodJourneyApp.swift; sourceTree = "<group>"; };
		C0B834EE299D2BF5001436E8 /* SigninView.swift */ = {isa = PBXFileReference; lastKnownFileType = sourcecode.swift; path = SigninView.swift; sourceTree = "<group>"; };
		C0B834F0299D2BF7001436E8 /* Assets.xcassets */ = {isa = PBXFileReference; lastKnownFileType = folder.assetcatalog; path = Assets.xcassets; sourceTree = "<group>"; };
		C0B834F3299D2BF7001436E8 /* Preview Assets.xcassets */ = {isa = PBXFileReference; lastKnownFileType = folder.assetcatalog; path = "Preview Assets.xcassets"; sourceTree = "<group>"; };
		C0B834FD299D2BF7001436E8 /* MoodJourneyTests.swift */ = {isa = PBXFileReference; lastKnownFileType = sourcecode.swift; path = MoodJourneyTests.swift; sourceTree = "<group>"; };
		C0B83507299D2BF7001436E8 /* MoodJourneyUITests.swift */ = {isa = PBXFileReference; lastKnownFileType = sourcecode.swift; path = MoodJourneyUITests.swift; sourceTree = "<group>"; };
		C0B83509299D2BF7001436E8 /* MoodJourneyUITestsLaunchTests.swift */ = {isa = PBXFileReference; lastKnownFileType = sourcecode.swift; path = MoodJourneyUITestsLaunchTests.swift; sourceTree = "<group>"; };
		C0C3173F299E8E1200B998C5 /* AnyError.swift */ = {isa = PBXFileReference; lastKnownFileType = sourcecode.swift; path = AnyError.swift; sourceTree = "<group>"; };
		C0F05A54299EEF3A00385F65 /* ThirdPartySigninRemoteDataSourceTest.swift */ = {isa = PBXFileReference; lastKnownFileType = sourcecode.swift; path = ThirdPartySigninRemoteDataSourceTest.swift; sourceTree = "<group>"; };
		C0F05A59299EFF5100385F65 /* ThirdPartySigninRemoteDataSource.swift */ = {isa = PBXFileReference; lastKnownFileType = sourcecode.swift; path = ThirdPartySigninRemoteDataSource.swift; sourceTree = "<group>"; };
		C0F05A5B299F00B700385F65 /* UserDataModel.swift */ = {isa = PBXFileReference; lastKnownFileType = sourcecode.swift; path = UserDataModel.swift; sourceTree = "<group>"; };
		C0F05A5D299F032700385F65 /* NetworkManager.swift */ = {isa = PBXFileReference; lastKnownFileType = sourcecode.swift; path = NetworkManager.swift; sourceTree = "<group>"; };
		C0F05A63299F073E00385F65 /* SigninViewModel.swift */ = {isa = PBXFileReference; lastKnownFileType = sourcecode.swift; path = SigninViewModel.swift; sourceTree = "<group>"; };
		C0F05A65299F07C100385F65 /* SigninWithAppleButton.swift */ = {isa = PBXFileReference; lastKnownFileType = sourcecode.swift; path = SigninWithAppleButton.swift; sourceTree = "<group>"; };
		C0F05A67299F08B600385F65 /* MoodJourney.entitlements */ = {isa = PBXFileReference; lastKnownFileType = text.plist.entitlements; path = MoodJourney.entitlements; sourceTree = "<group>"; };
		C0F05A6B299F110C00385F65 /* SigninWithGoogleButton.swift */ = {isa = PBXFileReference; lastKnownFileType = sourcecode.swift; path = SigninWithGoogleButton.swift; sourceTree = "<group>"; };
		C0F05A6D299F154A00385F65 /* Info.plist */ = {isa = PBXFileReference; lastKnownFileType = text.plist; path = Info.plist; sourceTree = "<group>"; };
		C0F05A72299F1BBF00385F65 /* FeelingEntity+extension.swift */ = {isa = PBXFileReference; lastKnownFileType = sourcecode.swift; path = "FeelingEntity+extension.swift"; sourceTree = "<group>"; };
		C0F05A76299F1D5A00385F65 /* IFeelingRepository.swift */ = {isa = PBXFileReference; lastKnownFileType = sourcecode.swift; path = IFeelingRepository.swift; sourceTree = "<group>"; };
		C0F05A78299F1DF200385F65 /* AddFeelingToActivityUsecase.swift */ = {isa = PBXFileReference; lastKnownFileType = sourcecode.swift; path = AddFeelingToActivityUsecase.swift; sourceTree = "<group>"; };
		C0F05A7A299FF37500385F65 /* ActivityEntity+extension.swift */ = {isa = PBXFileReference; lastKnownFileType = sourcecode.swift; path = "ActivityEntity+extension.swift"; sourceTree = "<group>"; };
		C0F05A80299FF79100385F65 /* FeelingRepositoryImp.swift */ = {isa = PBXFileReference; lastKnownFileType = sourcecode.swift; path = FeelingRepositoryImp.swift; sourceTree = "<group>"; };
		C0F05A83299FF87600385F65 /* FeelingDataModel.swift */ = {isa = PBXFileReference; lastKnownFileType = sourcecode.swift; path = FeelingDataModel.swift; sourceTree = "<group>"; };
		C0F05A85299FF89800385F65 /* FeelingLocalDatasource.swift */ = {isa = PBXFileReference; lastKnownFileType = sourcecode.swift; path = FeelingLocalDatasource.swift; sourceTree = "<group>"; };
		C0F05A8A299FF96E00385F65 /* AddFeelingToActivityUsecase.swift */ = {isa = PBXFileReference; lastKnownFileType = sourcecode.swift; path = AddFeelingToActivityUsecase.swift; sourceTree = "<group>"; };
		C0F05A93299FF96E00385F65 /* FeelingLocalDatasource.swift */ = {isa = PBXFileReference; lastKnownFileType = sourcecode.swift; path = FeelingLocalDatasource.swift; sourceTree = "<group>"; };
		C0F05AB029A0330A00385F65 /* AddFeelingView.swift */ = {isa = PBXFileReference; lastKnownFileType = sourcecode.swift; path = AddFeelingView.swift; sourceTree = "<group>"; };
		C0F05AB229A0332400385F65 /* AddFeelingViewModel.swift */ = {isa = PBXFileReference; lastKnownFileType = sourcecode.swift; path = AddFeelingViewModel.swift; sourceTree = "<group>"; };
		C0F05AB429A0624B00385F65 /* AnyViewModel.swift */ = {isa = PBXFileReference; lastKnownFileType = sourcecode.swift; path = AnyViewModel.swift; sourceTree = "<group>"; };
		C0F05ABB29A0650B00385F65 /* Container+extension.swift */ = {isa = PBXFileReference; fileEncoding = 4; lastKnownFileType = sourcecode.swift; path = "Container+extension.swift"; sourceTree = "<group>"; };
/* End PBXFileReference section */

/* Begin PBXFrameworksBuildPhase section */
		C0B834E6299D2BF5001436E8 /* Frameworks */ = {
			isa = PBXFrameworksBuildPhase;
			buildActionMask = 2147483647;
			files = (
				C0F05AA729A00FAD00385F65 /* GoogleSignInSwift in Frameworks */,
				C0F05AB829A064D400385F65 /* Factory in Frameworks */,
			);
			runOnlyForDeploymentPostprocessing = 0;
		};
		C0B834F6299D2BF7001436E8 /* Frameworks */ = {
			isa = PBXFrameworksBuildPhase;
			buildActionMask = 2147483647;
			files = (
				C0F05AA929A0101100385F65 /* GoogleSignInSwift in Frameworks */,
			);
			runOnlyForDeploymentPostprocessing = 0;
		};
		C0B83500299D2BF7001436E8 /* Frameworks */ = {
			isa = PBXFrameworksBuildPhase;
			buildActionMask = 2147483647;
			files = (
			);
			runOnlyForDeploymentPostprocessing = 0;
		};
/* End PBXFrameworksBuildPhase section */

/* Begin PBXGroup section */
		C01A3742299D2D1D001856BA /* Features */ = {
			isa = PBXGroup;
			children = (
				C022FE5E29A19D3200F53B0B /* Activity */,
				C0F05A6F299F1B6500385F65 /* Feeling */,
				C0F05A6E299F1B3900385F65 /* Explore */,
				C01A3744299D3050001856BA /* Sign in */,
			);
			path = Features;
			sourceTree = "<group>";
		};
		C01A3743299D2D26001856BA /* Domain */ = {
			isa = PBXGroup;
			children = (
				C01A3748299D3133001856BA /* Usecase */,
				C01A3747299D3129001856BA /* Repository */,
				C01A3746299D3122001856BA /* Entity */,
			);
			path = Domain;
			sourceTree = "<group>";
		};
		C01A3744299D3050001856BA /* Sign in */ = {
			isa = PBXGroup;
			children = (
				C0F05A5F299F055D00385F65 /* Presentation */,
				C0461172299ECC2F0050ABFD /* Data */,
				C01A3743299D2D26001856BA /* Domain */,
			);
			path = "Sign in";
			sourceTree = "<group>";
		};
		C01A3745299D3074001856BA /* Core */ = {
			isa = PBXGroup;
			children = (
				C0F05ABA29A0650B00385F65 /* DI */,
				C0C3173F299E8E1200B998C5 /* AnyError.swift */,
				C0F05A5D299F032700385F65 /* NetworkManager.swift */,
				C0F05AB429A0624B00385F65 /* AnyViewModel.swift */,
				C022FE5829A122E200F53B0B /* LocalDatabaseManager.swift */,
			);
			path = Core;
			sourceTree = "<group>";
		};
		C01A3746299D3122001856BA /* Entity */ = {
			isa = PBXGroup;
			children = (
				C01A3749299D5AF3001856BA /* UserEntity.swift */,
			);
			path = Entity;
			sourceTree = "<group>";
		};
		C01A3747299D3129001856BA /* Repository */ = {
			isa = PBXGroup;
			children = (
				C01A3754299DC782001856BA /* ISigninRepository.swift */,
			);
			path = Repository;
			sourceTree = "<group>";
		};
		C01A3748299D3133001856BA /* Usecase */ = {
			isa = PBXGroup;
			children = (
				C01A3756299DC9CA001856BA /* ThridPartySigninUsecase.swift */,
			);
			path = Usecase;
			sourceTree = "<group>";
		};
		C01A374E299DB8C8001856BA /* Features */ = {
			isa = PBXGroup;
			children = (
				C0F05A87299FF96D00385F65 /* User Feeling */,
				C01A374F299DB8DA001856BA /* Signin */,
			);
			path = Features;
			sourceTree = "<group>";
		};
		C01A374F299DB8DA001856BA /* Signin */ = {
			isa = PBXGroup;
			children = (
				C0461178299ECD0D0050ABFD /* Data */,
				C01A3750299DB8E9001856BA /* Domain */,
			);
			path = Signin;
			sourceTree = "<group>";
		};
		C01A3750299DB8E9001856BA /* Domain */ = {
			isa = PBXGroup;
			children = (
				C01A3751299DB8F5001856BA /* Usecase */,
			);
			path = Domain;
			sourceTree = "<group>";
		};
		C01A3751299DB8F5001856BA /* Usecase */ = {
			isa = PBXGroup;
			children = (
				C01A3752299DB9FB001856BA /* ThirdPartySigninUsecaseTest.swift */,
			);
			path = Usecase;
			sourceTree = "<group>";
		};
		C022FE5E29A19D3200F53B0B /* Activity */ = {
			isa = PBXGroup;
			children = (
				C022FE7029A1A32900F53B0B /* Presentation */,
				C022FE6829A19ED100F53B0B /* Domain */,
				C022FE5F29A19D5300F53B0B /* Data */,
			);
			path = Activity;
			sourceTree = "<group>";
		};
		C022FE5F29A19D5300F53B0B /* Data */ = {
			isa = PBXGroup;
			children = (
				C022FE6129A19D6200F53B0B /* DataModel */,
				C022FE6029A19D5A00F53B0B /* Datasource */,
				C022FE6629A19EAE00F53B0B /*  ActivityRepositoryImp.swift */,
			);
			path = Data;
			sourceTree = "<group>";
		};
		C022FE6029A19D5A00F53B0B /* Datasource */ = {
			isa = PBXGroup;
			children = (
				C022FE6229A19D8C00F53B0B /* ActivityLocalDatasource.swift */,
			);
			path = Datasource;
			sourceTree = "<group>";
		};
		C022FE6129A19D6200F53B0B /* DataModel */ = {
			isa = PBXGroup;
			children = (
				C022FE6429A19DE900F53B0B /* ActivityDataModel.swift */,
			);
			path = DataModel;
			sourceTree = "<group>";
		};
		C022FE6829A19ED100F53B0B /* Domain */ = {
			isa = PBXGroup;
			children = (
				C022FE6A29A19F3500F53B0B /* Entity */,
				C022FE6929A19F2A00F53B0B /* Usecase */,
				C022FE6C29A19F5000F53B0B /* ActivityRepository.swift */,
			);
			path = Domain;
			sourceTree = "<group>";
		};
		C022FE6929A19F2A00F53B0B /* Usecase */ = {
			isa = PBXGroup;
			children = (
				C022FE6E29A19FF900F53B0B /* FetchActivitiesUsecase.swift */,
			);
			path = Usecase;
			sourceTree = "<group>";
		};
		C022FE6A29A19F3500F53B0B /* Entity */ = {
			isa = PBXGroup;
			children = (
				C0F05A7A299FF37500385F65 /* ActivityEntity+extension.swift */,
			);
			path = Entity;
			sourceTree = "<group>";
		};
		C022FE7029A1A32900F53B0B /* Presentation */ = {
			isa = PBXGroup;
			children = (
				C022FE7529A1A35900F53B0B /* Views */,
				C022FE7129A1A34900F53B0B /* ActivitiesViewModel.swift */,
				C022FE7329A1A35500F53B0B /* ActivitiesView.swift */,
			);
			path = Presentation;
			sourceTree = "<group>";
		};
		C022FE7529A1A35900F53B0B /* Views */ = {
			isa = PBXGroup;
			children = (
			);
			path = Views;
			sourceTree = "<group>";
		};
		C0461172299ECC2F0050ABFD /* Data */ = {
			isa = PBXGroup;
			children = (
				C0461177299ECC6D0050ABFD /* DataModel */,
				C0461173299ECC3F0050ABFD /* Datasource */,
				C0461175299ECC5F0050ABFD /* SigninRepository.swift */,
			);
			path = Data;
			sourceTree = "<group>";
		};
		C0461173299ECC3F0050ABFD /* Datasource */ = {
			isa = PBXGroup;
			children = (
				C0F05A59299EFF5100385F65 /* ThirdPartySigninRemoteDataSource.swift */,
			);
			path = Datasource;
			sourceTree = "<group>";
		};
		C0461177299ECC6D0050ABFD /* DataModel */ = {
			isa = PBXGroup;
			children = (
				C0F05A5B299F00B700385F65 /* UserDataModel.swift */,
			);
			path = DataModel;
			sourceTree = "<group>";
		};
		C0461178299ECD0D0050ABFD /* Data */ = {
			isa = PBXGroup;
			children = (
				C0461179299ECD1D0050ABFD /* Datasource */,
			);
			path = Data;
			sourceTree = "<group>";
		};
		C0461179299ECD1D0050ABFD /* Datasource */ = {
			isa = PBXGroup;
			children = (
				C0F05A54299EEF3A00385F65 /* ThirdPartySigninRemoteDataSourceTest.swift */,
			);
			path = Datasource;
			sourceTree = "<group>";
		};
		C0B834E0299D2BF5001436E8 = {
			isa = PBXGroup;
			children = (
				C0B834EB299D2BF5001436E8 /* MoodJourney */,
				C0B834FC299D2BF7001436E8 /* MoodJourneyTests */,
				C0B83506299D2BF7001436E8 /* MoodJourneyUITests */,
				C0F05A9729A0001F00385F65 /* Frameworks */,
				C022FE3D29A1153500F53B0B /* MoodJourney.app */,
				C022FE3E29A1153500F53B0B /* MoodJourneyTests.xctest */,
				C022FE3F29A1153500F53B0B /* MoodJourneyUITests.xctest */,
			);
			sourceTree = "<group>";
		};
		C0B834EB299D2BF5001436E8 /* MoodJourney */ = {
			isa = PBXGroup;
			children = (
				C0F05A6D299F154A00385F65 /* Info.plist */,
				C0F05A67299F08B600385F65 /* MoodJourney.entitlements */,
				C0B834EC299D2BF5001436E8 /* MoodJourneyApp.swift */,
				C022FE5129A11B0200F53B0B /* LocalDatabase.xcdatamodeld */,
				C01A3745299D3074001856BA /* Core */,
				C01A3742299D2D1D001856BA /* Features */,
				C0B834F0299D2BF7001436E8 /* Assets.xcassets */,
				C0B834F2299D2BF7001436E8 /* Preview Content */,
			);
			path = MoodJourney;
			sourceTree = "<group>";
		};
		C0B834F2299D2BF7001436E8 /* Preview Content */ = {
			isa = PBXGroup;
			children = (
				C0B834F3299D2BF7001436E8 /* Preview Assets.xcassets */,
			);
			path = "Preview Content";
			sourceTree = "<group>";
		};
		C0B834FC299D2BF7001436E8 /* MoodJourneyTests */ = {
			isa = PBXGroup;
			children = (
				C01A374E299DB8C8001856BA /* Features */,
				C0B834FD299D2BF7001436E8 /* MoodJourneyTests.swift */,
			);
			path = MoodJourneyTests;
			sourceTree = "<group>";
		};
		C0B83506299D2BF7001436E8 /* MoodJourneyUITests */ = {
			isa = PBXGroup;
			children = (
				C0B83507299D2BF7001436E8 /* MoodJourneyUITests.swift */,
				C0B83509299D2BF7001436E8 /* MoodJourneyUITestsLaunchTests.swift */,
			);
			path = MoodJourneyUITests;
			sourceTree = "<group>";
		};
		C0F05A5F299F055D00385F65 /* Presentation */ = {
			isa = PBXGroup;
			children = (
				C0F05A62299F057000385F65 /* SubView */,
				C0F05A61299F056900385F65 /* ViewModel */,
				C0F05A60299F056300385F65 /* View */,
			);
			path = Presentation;
			sourceTree = "<group>";
		};
		C0F05A60299F056300385F65 /* View */ = {
			isa = PBXGroup;
			children = (
				C0B834EE299D2BF5001436E8 /* SigninView.swift */,
			);
			path = View;
			sourceTree = "<group>";
		};
		C0F05A61299F056900385F65 /* ViewModel */ = {
			isa = PBXGroup;
			children = (
				C0F05A63299F073E00385F65 /* SigninViewModel.swift */,
			);
			path = ViewModel;
			sourceTree = "<group>";
		};
		C0F05A62299F057000385F65 /* SubView */ = {
			isa = PBXGroup;
			children = (
				C0F05A65299F07C100385F65 /* SigninWithAppleButton.swift */,
				C0F05A6B299F110C00385F65 /* SigninWithGoogleButton.swift */,
			);
			path = SubView;
			sourceTree = "<group>";
		};
		C0F05A6E299F1B3900385F65 /* Explore */ = {
			isa = PBXGroup;
			children = (
			);
			path = Explore;
			sourceTree = "<group>";
		};
		C0F05A6F299F1B6500385F65 /* Feeling */ = {
			isa = PBXGroup;
			children = (
				C0F05AAD29A0281500385F65 /* Presentation */,
				C0F05A7C299FF71D00385F65 /* Data */,
				C0F05A70299F1BAA00385F65 /* Domain */,
			);
			path = Feeling;
			sourceTree = "<group>";
		};
		C0F05A70299F1BAA00385F65 /* Domain */ = {
			isa = PBXGroup;
			children = (
				C0F05A75299F1D4700385F65 /* Repository */,
				C0F05A74299F1D3900385F65 /* Usecase */,
				C0F05A71299F1BB200385F65 /* Entity */,
			);
			path = Domain;
			sourceTree = "<group>";
		};
		C0F05A71299F1BB200385F65 /* Entity */ = {
			isa = PBXGroup;
			children = (
				C0F05A72299F1BBF00385F65 /* FeelingEntity+extension.swift */,
			);
			path = Entity;
			sourceTree = "<group>";
		};
		C0F05A74299F1D3900385F65 /* Usecase */ = {
			isa = PBXGroup;
			children = (
				C0F05A78299F1DF200385F65 /* AddFeelingToActivityUsecase.swift */,
			);
			path = Usecase;
			sourceTree = "<group>";
		};
		C0F05A75299F1D4700385F65 /* Repository */ = {
			isa = PBXGroup;
			children = (
				C0F05A76299F1D5A00385F65 /* IFeelingRepository.swift */,
			);
			path = Repository;
			sourceTree = "<group>";
		};
		C0F05A7C299FF71D00385F65 /* Data */ = {
			isa = PBXGroup;
			children = (
				C0F05A7E299FF75800385F65 /* DataModel */,
				C0F05A7D299FF74F00385F65 /* Datasource */,
				C0F05A80299FF79100385F65 /* FeelingRepositoryImp.swift */,
			);
			path = Data;
			sourceTree = "<group>";
		};
		C0F05A7D299FF74F00385F65 /* Datasource */ = {
			isa = PBXGroup;
			children = (
				C0F05A85299FF89800385F65 /* FeelingLocalDatasource.swift */,
			);
			path = Datasource;
			sourceTree = "<group>";
		};
		C0F05A7E299FF75800385F65 /* DataModel */ = {
			isa = PBXGroup;
			children = (
				C0F05A83299FF87600385F65 /* FeelingDataModel.swift */,
			);
			path = DataModel;
			sourceTree = "<group>";
		};
		C0F05A87299FF96D00385F65 /* User Feeling */ = {
			isa = PBXGroup;
			children = (
				C0F05A90299FF96E00385F65 /* Data */,
				C0F05A88299FF96E00385F65 /* Domain */,
			);
			path = "User Feeling";
			sourceTree = "<group>";
		};
		C0F05A88299FF96E00385F65 /* Domain */ = {
			isa = PBXGroup;
			children = (
				C0F05A89299FF96E00385F65 /* Usecase */,
			);
			path = Domain;
			sourceTree = "<group>";
		};
		C0F05A89299FF96E00385F65 /* Usecase */ = {
			isa = PBXGroup;
			children = (
				C0F05A8A299FF96E00385F65 /* AddFeelingToActivityUsecase.swift */,
			);
			path = Usecase;
			sourceTree = "<group>";
		};
		C0F05A90299FF96E00385F65 /* Data */ = {
			isa = PBXGroup;
			children = (
				C0F05A92299FF96E00385F65 /* Datasource */,
			);
			path = Data;
			sourceTree = "<group>";
		};
		C0F05A92299FF96E00385F65 /* Datasource */ = {
			isa = PBXGroup;
			children = (
				C0F05A93299FF96E00385F65 /* FeelingLocalDatasource.swift */,
			);
			path = Datasource;
			sourceTree = "<group>";
		};
		C0F05A9729A0001F00385F65 /* Frameworks */ = {
			isa = PBXGroup;
			children = (
			);
			name = Frameworks;
			sourceTree = "<group>";
		};
		C0F05AAD29A0281500385F65 /* Presentation */ = {
			isa = PBXGroup;
			children = (
				C0F05AAF29A0282D00385F65 /* ViewModel */,
				C0F05AAE29A0282900385F65 /* View */,
			);
			path = Presentation;
			sourceTree = "<group>";
		};
		C0F05AAE29A0282900385F65 /* View */ = {
			isa = PBXGroup;
			children = (
				C0F05AB029A0330A00385F65 /* AddFeelingView.swift */,
			);
			path = View;
			sourceTree = "<group>";
		};
		C0F05AAF29A0282D00385F65 /* ViewModel */ = {
			isa = PBXGroup;
			children = (
				C0F05AB229A0332400385F65 /* AddFeelingViewModel.swift */,
			);
			path = ViewModel;
			sourceTree = "<group>";
		};
		C0F05ABA29A0650B00385F65 /* DI */ = {
			isa = PBXGroup;
			children = (
				C0F05ABB29A0650B00385F65 /* Container+extension.swift */,
			);
			path = DI;
			sourceTree = "<group>";
		};
/* End PBXGroup section */

/* Begin PBXNativeTarget section */
		C0B834E8299D2BF5001436E8 /* MoodJourney */ = {
			isa = PBXNativeTarget;
			buildConfigurationList = C0B8350D299D2BF7001436E8 /* Build configuration list for PBXNativeTarget "MoodJourney" */;
			buildPhases = (
				C0B834E5299D2BF5001436E8 /* Sources */,
				C0B834E6299D2BF5001436E8 /* Frameworks */,
				C0B834E7299D2BF5001436E8 /* Resources */,
			);
			buildRules = (
			);
			dependencies = (
			);
			name = MoodJourney;
			packageProductDependencies = (
				C0F05AA629A00FAD00385F65 /* GoogleSignInSwift */,
				C0F05AB729A064D400385F65 /* Factory */,
			);
			productName = MoodJourney;
			productReference = C022FE3D29A1153500F53B0B /* MoodJourney.app */;
			productType = "com.apple.product-type.application";
		};
		C0B834F8299D2BF7001436E8 /* MoodJourneyTests */ = {
			isa = PBXNativeTarget;
			buildConfigurationList = C0B83510299D2BF7001436E8 /* Build configuration list for PBXNativeTarget "MoodJourneyTests" */;
			buildPhases = (
				C0B834F5299D2BF7001436E8 /* Sources */,
				C0B834F7299D2BF7001436E8 /* Resources */,
				C0B834F6299D2BF7001436E8 /* Frameworks */,
			);
			buildRules = (
			);
			dependencies = (
				C0B834FB299D2BF7001436E8 /* PBXTargetDependency */,
			);
			name = MoodJourneyTests;
			packageProductDependencies = (
				C0F05AA829A0101100385F65 /* GoogleSignInSwift */,
			);
			productName = MoodJourneyTests;
			productReference = C022FE3E29A1153500F53B0B /* MoodJourneyTests.xctest */;
			productType = "com.apple.product-type.bundle.unit-test";
		};
		C0B83502299D2BF7001436E8 /* MoodJourneyUITests */ = {
			isa = PBXNativeTarget;
			buildConfigurationList = C0B83513299D2BF7001436E8 /* Build configuration list for PBXNativeTarget "MoodJourneyUITests" */;
			buildPhases = (
				C0B834FF299D2BF7001436E8 /* Sources */,
				C0B83500299D2BF7001436E8 /* Frameworks */,
				C0B83501299D2BF7001436E8 /* Resources */,
			);
			buildRules = (
			);
			dependencies = (
				C0B83505299D2BF7001436E8 /* PBXTargetDependency */,
			);
			name = MoodJourneyUITests;
			productName = MoodJourneyUITests;
			productReference = C022FE3F29A1153500F53B0B /* MoodJourneyUITests.xctest */;
			productType = "com.apple.product-type.bundle.ui-testing";
		};
/* End PBXNativeTarget section */

/* Begin PBXProject section */
		C0B834E1299D2BF5001436E8 /* Project object */ = {
			isa = PBXProject;
			attributes = {
				BuildIndependentTargetsInParallel = 1;
				LastSwiftUpdateCheck = 1420;
				LastUpgradeCheck = 1420;
				TargetAttributes = {
					C0B834E8299D2BF5001436E8 = {
						CreatedOnToolsVersion = 14.2;
					};
					C0B834F8299D2BF7001436E8 = {
						CreatedOnToolsVersion = 14.2;
						TestTargetID = C0B834E8299D2BF5001436E8;
					};
					C0B83502299D2BF7001436E8 = {
						CreatedOnToolsVersion = 14.2;
						TestTargetID = C0B834E8299D2BF5001436E8;
					};
				};
			};
			buildConfigurationList = C0B834E4299D2BF5001436E8 /* Build configuration list for PBXProject "MoodJourney" */;
			compatibilityVersion = "Xcode 14.0";
			developmentRegion = en;
			hasScannedForEncodings = 0;
			knownRegions = (
				en,
				Base,
			);
			mainGroup = C0B834E0299D2BF5001436E8;
			packageReferences = (
				C0F05AA529A00FAD00385F65 /* XCRemoteSwiftPackageReference "GoogleSignIn-iOS" */,
				C0F05AB629A064D400385F65 /* XCRemoteSwiftPackageReference "Factory" */,
			);
			productRefGroup = C0B834E0299D2BF5001436E8;
			projectDirPath = "";
			projectRoot = "";
			targets = (
				C0B834E8299D2BF5001436E8 /* MoodJourney */,
				C0B834F8299D2BF7001436E8 /* MoodJourneyTests */,
				C0B83502299D2BF7001436E8 /* MoodJourneyUITests */,
			);
		};
/* End PBXProject section */

/* Begin PBXResourcesBuildPhase section */
		C0B834E7299D2BF5001436E8 /* Resources */ = {
			isa = PBXResourcesBuildPhase;
			buildActionMask = 2147483647;
			files = (
				C0B834F4299D2BF7001436E8 /* Preview Assets.xcassets in Resources */,
				C0B834F1299D2BF7001436E8 /* Assets.xcassets in Resources */,
			);
			runOnlyForDeploymentPostprocessing = 0;
		};
		C0B834F7299D2BF7001436E8 /* Resources */ = {
			isa = PBXResourcesBuildPhase;
			buildActionMask = 2147483647;
			files = (
			);
			runOnlyForDeploymentPostprocessing = 0;
		};
		C0B83501299D2BF7001436E8 /* Resources */ = {
			isa = PBXResourcesBuildPhase;
			buildActionMask = 2147483647;
			files = (
			);
			runOnlyForDeploymentPostprocessing = 0;
		};
/* End PBXResourcesBuildPhase section */

/* Begin PBXSourcesBuildPhase section */
		C0B834E5299D2BF5001436E8 /* Sources */ = {
			isa = PBXSourcesBuildPhase;
			buildActionMask = 2147483647;
			files = (
				C022FE5329A11B0200F53B0B /* LocalDatabase.xcdatamodeld in Sources */,
				C0F05AB529A0624B00385F65 /* AnyViewModel.swift in Sources */,
				C0F05A79299F1DF200385F65 /* AddFeelingToActivityUsecase.swift in Sources */,
				C0461176299ECC5F0050ABFD /* SigninRepository.swift in Sources */,
				C0B834EF299D2BF5001436E8 /* SigninView.swift in Sources */,
				C0F05A5E299F032700385F65 /* NetworkManager.swift in Sources */,
				C022FE6D29A19F5000F53B0B /* ActivityRepository.swift in Sources */,
				C01A3755299DC782001856BA /* ISigninRepository.swift in Sources */,
				C0F05AB329A0332400385F65 /* AddFeelingViewModel.swift in Sources */,
				C0F05AB129A0330A00385F65 /* AddFeelingView.swift in Sources */,
				C022FE6329A19D8C00F53B0B /* ActivityLocalDatasource.swift in Sources */,
				C022FE6529A19DE900F53B0B /* ActivityDataModel.swift in Sources */,
				C022FE7429A1A35500F53B0B /* ActivitiesView.swift in Sources */,
				C0F05A66299F07C100385F65 /* SigninWithAppleButton.swift in Sources */,
				C0F05A5A299EFF5100385F65 /* ThirdPartySigninRemoteDataSource.swift in Sources */,
				C0F05A86299FF89800385F65 /* FeelingLocalDatasource.swift in Sources */,
				C0F05ABD29A0650B00385F65 /* Container+extension.swift in Sources */,
				C01A3757299DC9CA001856BA /* ThridPartySigninUsecase.swift in Sources */,
				C0F05A77299F1D5A00385F65 /* IFeelingRepository.swift in Sources */,
				C0F05A73299F1BBF00385F65 /* FeelingEntity+extension.swift in Sources */,
				C0C31740299E8E1200B998C5 /* AnyError.swift in Sources */,
				C0F05A5C299F00B700385F65 /* UserDataModel.swift in Sources */,
				C022FE7229A1A34900F53B0B /* ActivitiesViewModel.swift in Sources */,
				C022FE6F29A19FF900F53B0B /* FetchActivitiesUsecase.swift in Sources */,
				C022FE6729A19EAE00F53B0B /*  ActivityRepositoryImp.swift in Sources */,
				C01A374A299D5AF3001856BA /* UserEntity.swift in Sources */,
				C0B834ED299D2BF5001436E8 /* MoodJourneyApp.swift in Sources */,
				C022FE5929A122E200F53B0B /* LocalDatabaseManager.swift in Sources */,
				C0F05A81299FF79100385F65 /* FeelingRepositoryImp.swift in Sources */,
				C0F05A64299F073E00385F65 /* SigninViewModel.swift in Sources */,
				C0F05A7B299FF37500385F65 /* ActivityEntity+extension.swift in Sources */,
				C0F05A84299FF87600385F65 /* FeelingDataModel.swift in Sources */,
				C0F05A6C299F110C00385F65 /* SigninWithGoogleButton.swift in Sources */,
			);
			runOnlyForDeploymentPostprocessing = 0;
		};
		C0B834F5299D2BF7001436E8 /* Sources */ = {
			isa = PBXSourcesBuildPhase;
			buildActionMask = 2147483647;
			files = (
				C0F05A96299FFCE400385F65 /* AddFeelingToActivityUsecase.swift in Sources */,
				C0F05A55299EEF3A00385F65 /* ThirdPartySigninRemoteDataSourceTest.swift in Sources */,
				C01A3753299DB9FB001856BA /* ThirdPartySigninUsecaseTest.swift in Sources */,
				C0B834FE299D2BF7001436E8 /* MoodJourneyTests.swift in Sources */,
			);
			runOnlyForDeploymentPostprocessing = 0;
		};
		C0B834FF299D2BF7001436E8 /* Sources */ = {
			isa = PBXSourcesBuildPhase;
			buildActionMask = 2147483647;
			files = (
				C0F05AAC29A013ED00385F65 /* MoodJourneyUITestsLaunchTests.swift in Sources */,
				C0F05AAB29A013ED00385F65 /* MoodJourneyUITests.swift in Sources */,
			);
			runOnlyForDeploymentPostprocessing = 0;
		};
/* End PBXSourcesBuildPhase section */

/* Begin PBXTargetDependency section */
		C0B834FB299D2BF7001436E8 /* PBXTargetDependency */ = {
			isa = PBXTargetDependency;
			target = C0B834E8299D2BF5001436E8 /* MoodJourney */;
			targetProxy = C0B834FA299D2BF7001436E8 /* PBXContainerItemProxy */;
		};
		C0B83505299D2BF7001436E8 /* PBXTargetDependency */ = {
			isa = PBXTargetDependency;
			target = C0B834E8299D2BF5001436E8 /* MoodJourney */;
			targetProxy = C0B83504299D2BF7001436E8 /* PBXContainerItemProxy */;
		};
/* End PBXTargetDependency section */

/* Begin XCBuildConfiguration section */
		C0B8350B299D2BF7001436E8 /* Debug */ = {
			isa = XCBuildConfiguration;
			buildSettings = {
				ALWAYS_SEARCH_USER_PATHS = NO;
				CLANG_ANALYZER_NONNULL = YES;
				CLANG_ANALYZER_NUMBER_OBJECT_CONVERSION = YES_AGGRESSIVE;
				CLANG_CXX_LANGUAGE_STANDARD = "gnu++20";
				CLANG_ENABLE_MODULES = YES;
				CLANG_ENABLE_OBJC_ARC = YES;
				CLANG_ENABLE_OBJC_WEAK = YES;
				CLANG_WARN_BLOCK_CAPTURE_AUTORELEASING = YES;
				CLANG_WARN_BOOL_CONVERSION = YES;
				CLANG_WARN_COMMA = YES;
				CLANG_WARN_CONSTANT_CONVERSION = YES;
				CLANG_WARN_DEPRECATED_OBJC_IMPLEMENTATIONS = YES;
				CLANG_WARN_DIRECT_OBJC_ISA_USAGE = YES_ERROR;
				CLANG_WARN_DOCUMENTATION_COMMENTS = YES;
				CLANG_WARN_EMPTY_BODY = YES;
				CLANG_WARN_ENUM_CONVERSION = YES;
				CLANG_WARN_INFINITE_RECURSION = YES;
				CLANG_WARN_INT_CONVERSION = YES;
				CLANG_WARN_NON_LITERAL_NULL_CONVERSION = YES;
				CLANG_WARN_OBJC_IMPLICIT_RETAIN_SELF = YES;
				CLANG_WARN_OBJC_LITERAL_CONVERSION = YES;
				CLANG_WARN_OBJC_ROOT_CLASS = YES_ERROR;
				CLANG_WARN_QUOTED_INCLUDE_IN_FRAMEWORK_HEADER = YES;
				CLANG_WARN_RANGE_LOOP_ANALYSIS = YES;
				CLANG_WARN_STRICT_PROTOTYPES = YES;
				CLANG_WARN_SUSPICIOUS_MOVE = YES;
				CLANG_WARN_UNGUARDED_AVAILABILITY = YES_AGGRESSIVE;
				CLANG_WARN_UNREACHABLE_CODE = YES;
				CLANG_WARN__DUPLICATE_METHOD_MATCH = YES;
				COPY_PHASE_STRIP = NO;
				DEBUG_INFORMATION_FORMAT = dwarf;
				ENABLE_STRICT_OBJC_MSGSEND = YES;
				ENABLE_TESTABILITY = YES;
				GCC_C_LANGUAGE_STANDARD = gnu11;
				GCC_DYNAMIC_NO_PIC = NO;
				GCC_NO_COMMON_BLOCKS = YES;
				GCC_OPTIMIZATION_LEVEL = 0;
				GCC_PREPROCESSOR_DEFINITIONS = (
					"DEBUG=1",
					"$(inherited)",
				);
				GCC_WARN_64_TO_32_BIT_CONVERSION = YES;
				GCC_WARN_ABOUT_RETURN_TYPE = YES_ERROR;
				GCC_WARN_UNDECLARED_SELECTOR = YES;
				GCC_WARN_UNINITIALIZED_AUTOS = YES_AGGRESSIVE;
				GCC_WARN_UNUSED_FUNCTION = YES;
				GCC_WARN_UNUSED_VARIABLE = YES;
				IPHONEOS_DEPLOYMENT_TARGET = 16.2;
				MTL_ENABLE_DEBUG_INFO = INCLUDE_SOURCE;
				MTL_FAST_MATH = YES;
				ONLY_ACTIVE_ARCH = YES;
				SDKROOT = iphoneos;
				SWIFT_ACTIVE_COMPILATION_CONDITIONS = DEBUG;
				SWIFT_OPTIMIZATION_LEVEL = "-Onone";
			};
			name = Debug;
		};
		C0B8350C299D2BF7001436E8 /* Release */ = {
			isa = XCBuildConfiguration;
			buildSettings = {
				ALWAYS_SEARCH_USER_PATHS = NO;
				CLANG_ANALYZER_NONNULL = YES;
				CLANG_ANALYZER_NUMBER_OBJECT_CONVERSION = YES_AGGRESSIVE;
				CLANG_CXX_LANGUAGE_STANDARD = "gnu++20";
				CLANG_ENABLE_MODULES = YES;
				CLANG_ENABLE_OBJC_ARC = YES;
				CLANG_ENABLE_OBJC_WEAK = YES;
				CLANG_WARN_BLOCK_CAPTURE_AUTORELEASING = YES;
				CLANG_WARN_BOOL_CONVERSION = YES;
				CLANG_WARN_COMMA = YES;
				CLANG_WARN_CONSTANT_CONVERSION = YES;
				CLANG_WARN_DEPRECATED_OBJC_IMPLEMENTATIONS = YES;
				CLANG_WARN_DIRECT_OBJC_ISA_USAGE = YES_ERROR;
				CLANG_WARN_DOCUMENTATION_COMMENTS = YES;
				CLANG_WARN_EMPTY_BODY = YES;
				CLANG_WARN_ENUM_CONVERSION = YES;
				CLANG_WARN_INFINITE_RECURSION = YES;
				CLANG_WARN_INT_CONVERSION = YES;
				CLANG_WARN_NON_LITERAL_NULL_CONVERSION = YES;
				CLANG_WARN_OBJC_IMPLICIT_RETAIN_SELF = YES;
				CLANG_WARN_OBJC_LITERAL_CONVERSION = YES;
				CLANG_WARN_OBJC_ROOT_CLASS = YES_ERROR;
				CLANG_WARN_QUOTED_INCLUDE_IN_FRAMEWORK_HEADER = YES;
				CLANG_WARN_RANGE_LOOP_ANALYSIS = YES;
				CLANG_WARN_STRICT_PROTOTYPES = YES;
				CLANG_WARN_SUSPICIOUS_MOVE = YES;
				CLANG_WARN_UNGUARDED_AVAILABILITY = YES_AGGRESSIVE;
				CLANG_WARN_UNREACHABLE_CODE = YES;
				CLANG_WARN__DUPLICATE_METHOD_MATCH = YES;
				COPY_PHASE_STRIP = NO;
				DEBUG_INFORMATION_FORMAT = "dwarf-with-dsym";
				ENABLE_NS_ASSERTIONS = NO;
				ENABLE_STRICT_OBJC_MSGSEND = YES;
				GCC_C_LANGUAGE_STANDARD = gnu11;
				GCC_NO_COMMON_BLOCKS = YES;
				GCC_WARN_64_TO_32_BIT_CONVERSION = YES;
				GCC_WARN_ABOUT_RETURN_TYPE = YES_ERROR;
				GCC_WARN_UNDECLARED_SELECTOR = YES;
				GCC_WARN_UNINITIALIZED_AUTOS = YES_AGGRESSIVE;
				GCC_WARN_UNUSED_FUNCTION = YES;
				GCC_WARN_UNUSED_VARIABLE = YES;
				IPHONEOS_DEPLOYMENT_TARGET = 16.2;
				MTL_ENABLE_DEBUG_INFO = NO;
				MTL_FAST_MATH = YES;
				SDKROOT = iphoneos;
				SWIFT_COMPILATION_MODE = wholemodule;
				SWIFT_OPTIMIZATION_LEVEL = "-O";
				VALIDATE_PRODUCT = YES;
			};
			name = Release;
		};
		C0B8350E299D2BF7001436E8 /* Debug */ = {
			isa = XCBuildConfiguration;
			buildSettings = {
				ASSETCATALOG_COMPILER_APPICON_NAME = AppIcon;
				ASSETCATALOG_COMPILER_GLOBAL_ACCENT_COLOR_NAME = AccentColor;
				CODE_SIGN_ENTITLEMENTS = MoodJourney/MoodJourney.entitlements;
				CODE_SIGN_STYLE = Automatic;
				CURRENT_PROJECT_VERSION = 1;
				DEVELOPMENT_ASSET_PATHS = "\"MoodJourney/Preview Content\"";
				DEVELOPMENT_TEAM = 597HX97FLJ;
				ENABLE_PREVIEWS = YES;
				GENERATE_INFOPLIST_FILE = YES;
				INFOPLIST_FILE = MoodJourney/Info.plist;
				INFOPLIST_KEY_UIApplicationSceneManifest_Generation = YES;
				INFOPLIST_KEY_UIApplicationSupportsIndirectInputEvents = YES;
				INFOPLIST_KEY_UILaunchScreen_Generation = YES;
				INFOPLIST_KEY_UISupportedInterfaceOrientations_iPad = "UIInterfaceOrientationPortrait UIInterfaceOrientationPortraitUpsideDown UIInterfaceOrientationLandscapeLeft UIInterfaceOrientationLandscapeRight";
				INFOPLIST_KEY_UISupportedInterfaceOrientations_iPhone = "UIInterfaceOrientationPortrait UIInterfaceOrientationLandscapeLeft UIInterfaceOrientationLandscapeRight";
				LD_RUNPATH_SEARCH_PATHS = (
					"$(inherited)",
					"@executable_path/Frameworks",
				);
				MARKETING_VERSION = 1.0;
				PRODUCT_BUNDLE_IDENTIFIER = com.MoodJourney;
				PRODUCT_NAME = "$(TARGET_NAME)";
				SWIFT_EMIT_LOC_STRINGS = YES;
				SWIFT_VERSION = 5.0;
				TARGETED_DEVICE_FAMILY = "1,2";
			};
			name = Debug;
		};
		C0B8350F299D2BF7001436E8 /* Release */ = {
			isa = XCBuildConfiguration;
			buildSettings = {
				ASSETCATALOG_COMPILER_APPICON_NAME = AppIcon;
				ASSETCATALOG_COMPILER_GLOBAL_ACCENT_COLOR_NAME = AccentColor;
				CODE_SIGN_ENTITLEMENTS = MoodJourney/MoodJourney.entitlements;
				CODE_SIGN_STYLE = Automatic;
				CURRENT_PROJECT_VERSION = 1;
				DEVELOPMENT_ASSET_PATHS = "\"MoodJourney/Preview Content\"";
				DEVELOPMENT_TEAM = 597HX97FLJ;
				ENABLE_PREVIEWS = YES;
				GENERATE_INFOPLIST_FILE = YES;
				INFOPLIST_FILE = MoodJourney/Info.plist;
				INFOPLIST_KEY_UIApplicationSceneManifest_Generation = YES;
				INFOPLIST_KEY_UIApplicationSupportsIndirectInputEvents = YES;
				INFOPLIST_KEY_UILaunchScreen_Generation = YES;
				INFOPLIST_KEY_UISupportedInterfaceOrientations_iPad = "UIInterfaceOrientationPortrait UIInterfaceOrientationPortraitUpsideDown UIInterfaceOrientationLandscapeLeft UIInterfaceOrientationLandscapeRight";
				INFOPLIST_KEY_UISupportedInterfaceOrientations_iPhone = "UIInterfaceOrientationPortrait UIInterfaceOrientationLandscapeLeft UIInterfaceOrientationLandscapeRight";
				LD_RUNPATH_SEARCH_PATHS = (
					"$(inherited)",
					"@executable_path/Frameworks",
				);
				MARKETING_VERSION = 1.0;
				PRODUCT_BUNDLE_IDENTIFIER = com.MoodJourney;
				PRODUCT_NAME = "$(TARGET_NAME)";
				SWIFT_EMIT_LOC_STRINGS = YES;
				SWIFT_VERSION = 5.0;
				TARGETED_DEVICE_FAMILY = "1,2";
			};
			name = Release;
		};
		C0B83511299D2BF7001436E8 /* Debug */ = {
			isa = XCBuildConfiguration;
			buildSettings = {
				ALWAYS_EMBED_SWIFT_STANDARD_LIBRARIES = YES;
				BUNDLE_LOADER = "$(TEST_HOST)";
				CODE_SIGN_STYLE = Automatic;
				CURRENT_PROJECT_VERSION = 1;
				DEVELOPMENT_TEAM = 597HX97FLJ;
				GENERATE_INFOPLIST_FILE = YES;
				GENERATE_PKGINFO_FILE = NO;
				IPHONEOS_DEPLOYMENT_TARGET = 16.2;
				MARKETING_VERSION = 1.0;
				PRODUCT_BUNDLE_IDENTIFIER = com.MoodJourneyTests;
				PRODUCT_NAME = "$(TARGET_NAME)";
				SWIFT_EMIT_LOC_STRINGS = NO;
				SWIFT_VERSION = 5.0;
				TARGETED_DEVICE_FAMILY = "1,2";
				TEST_HOST = "$(BUILT_PRODUCTS_DIR)/MoodJourney.app/$(BUNDLE_EXECUTABLE_FOLDER_PATH)/MoodJourney";
			};
			name = Debug;
		};
		C0B83512299D2BF7001436E8 /* Release */ = {
			isa = XCBuildConfiguration;
			buildSettings = {
				ALWAYS_EMBED_SWIFT_STANDARD_LIBRARIES = YES;
				BUNDLE_LOADER = "$(TEST_HOST)";
				CODE_SIGN_STYLE = Automatic;
				CURRENT_PROJECT_VERSION = 1;
				DEVELOPMENT_TEAM = 597HX97FLJ;
				GENERATE_INFOPLIST_FILE = YES;
				GENERATE_PKGINFO_FILE = NO;
				IPHONEOS_DEPLOYMENT_TARGET = 16.2;
				MARKETING_VERSION = 1.0;
				PRODUCT_BUNDLE_IDENTIFIER = com.MoodJourneyTests;
				PRODUCT_NAME = "$(TARGET_NAME)";
				SWIFT_EMIT_LOC_STRINGS = NO;
				SWIFT_VERSION = 5.0;
				TARGETED_DEVICE_FAMILY = "1,2";
				TEST_HOST = "$(BUILT_PRODUCTS_DIR)/MoodJourney.app/$(BUNDLE_EXECUTABLE_FOLDER_PATH)/MoodJourney";
			};
			name = Release;
		};
		C0B83514299D2BF7001436E8 /* Debug */ = {
			isa = XCBuildConfiguration;
			buildSettings = {
				ALWAYS_EMBED_SWIFT_STANDARD_LIBRARIES = YES;
				CODE_SIGN_STYLE = Automatic;
				CURRENT_PROJECT_VERSION = 1;
				DEVELOPMENT_TEAM = 597HX97FLJ;
				GENERATE_INFOPLIST_FILE = YES;
				MARKETING_VERSION = 1.0;
				PRODUCT_BUNDLE_IDENTIFIER = com.MoodJourneyUITests;
				PRODUCT_NAME = "$(TARGET_NAME)";
				SWIFT_EMIT_LOC_STRINGS = NO;
				SWIFT_VERSION = 5.0;
				TARGETED_DEVICE_FAMILY = "1,2";
				TEST_TARGET_NAME = MoodJourney;
			};
			name = Debug;
		};
		C0B83515299D2BF7001436E8 /* Release */ = {
			isa = XCBuildConfiguration;
			buildSettings = {
				ALWAYS_EMBED_SWIFT_STANDARD_LIBRARIES = YES;
				CODE_SIGN_STYLE = Automatic;
				CURRENT_PROJECT_VERSION = 1;
				DEVELOPMENT_TEAM = 597HX97FLJ;
				GENERATE_INFOPLIST_FILE = YES;
				MARKETING_VERSION = 1.0;
				PRODUCT_BUNDLE_IDENTIFIER = com.MoodJourneyUITests;
				PRODUCT_NAME = "$(TARGET_NAME)";
				SWIFT_EMIT_LOC_STRINGS = NO;
				SWIFT_VERSION = 5.0;
				TARGETED_DEVICE_FAMILY = "1,2";
				TEST_TARGET_NAME = MoodJourney;
			};
			name = Release;
		};
/* End XCBuildConfiguration section */

/* Begin XCConfigurationList section */
		C0B834E4299D2BF5001436E8 /* Build configuration list for PBXProject "MoodJourney" */ = {
			isa = XCConfigurationList;
			buildConfigurations = (
				C0B8350B299D2BF7001436E8 /* Debug */,
				C0B8350C299D2BF7001436E8 /* Release */,
			);
			defaultConfigurationIsVisible = 0;
			defaultConfigurationName = Release;
		};
		C0B8350D299D2BF7001436E8 /* Build configuration list for PBXNativeTarget "MoodJourney" */ = {
			isa = XCConfigurationList;
			buildConfigurations = (
				C0B8350E299D2BF7001436E8 /* Debug */,
				C0B8350F299D2BF7001436E8 /* Release */,
			);
			defaultConfigurationIsVisible = 0;
			defaultConfigurationName = Release;
		};
		C0B83510299D2BF7001436E8 /* Build configuration list for PBXNativeTarget "MoodJourneyTests" */ = {
			isa = XCConfigurationList;
			buildConfigurations = (
				C0B83511299D2BF7001436E8 /* Debug */,
				C0B83512299D2BF7001436E8 /* Release */,
			);
			defaultConfigurationIsVisible = 0;
			defaultConfigurationName = Release;
		};
		C0B83513299D2BF7001436E8 /* Build configuration list for PBXNativeTarget "MoodJourneyUITests" */ = {
			isa = XCConfigurationList;
			buildConfigurations = (
				C0B83514299D2BF7001436E8 /* Debug */,
				C0B83515299D2BF7001436E8 /* Release */,
			);
			defaultConfigurationIsVisible = 0;
			defaultConfigurationName = Release;
		};
/* End XCConfigurationList section */

/* Begin XCRemoteSwiftPackageReference section */
		C0F05AA529A00FAD00385F65 /* XCRemoteSwiftPackageReference "GoogleSignIn-iOS" */ = {
			isa = XCRemoteSwiftPackageReference;
			repositoryURL = "https://github.com/google/GoogleSignIn-iOS";
			requirement = {
				branch = main;
				kind = branch;
			};
		};
		C0F05AB629A064D400385F65 /* XCRemoteSwiftPackageReference "Factory" */ = {
			isa = XCRemoteSwiftPackageReference;
			repositoryURL = "https://github.com/hmlongco/Factory";
			requirement = {
				branch = main;
				kind = branch;
			};
		};
/* End XCRemoteSwiftPackageReference section */

/* Begin XCSwiftPackageProductDependency section */
		C0F05AA629A00FAD00385F65 /* GoogleSignInSwift */ = {
			isa = XCSwiftPackageProductDependency;
			package = C0F05AA529A00FAD00385F65 /* XCRemoteSwiftPackageReference "GoogleSignIn-iOS" */;
			productName = GoogleSignInSwift;
		};
		C0F05AA829A0101100385F65 /* GoogleSignInSwift */ = {
			isa = XCSwiftPackageProductDependency;
			package = C0F05AA529A00FAD00385F65 /* XCRemoteSwiftPackageReference "GoogleSignIn-iOS" */;
			productName = GoogleSignInSwift;
		};
		C0F05AB729A064D400385F65 /* Factory */ = {
			isa = XCSwiftPackageProductDependency;
			package = C0F05AB629A064D400385F65 /* XCRemoteSwiftPackageReference "Factory" */;
			productName = Factory;
		};
/* End XCSwiftPackageProductDependency section */

/* Begin XCVersionGroup section */
		C022FE5129A11B0200F53B0B /* LocalDatabase.xcdatamodeld */ = {
			isa = XCVersionGroup;
			children = (
				C022FE5229A11B0200F53B0B /* LocalDatabase.xcdatamodel */,
			);
			currentVersion = C022FE5229A11B0200F53B0B /* LocalDatabase.xcdatamodel */;
			path = LocalDatabase.xcdatamodeld;
			sourceTree = "<group>";
			versionGroupType = wrapper.xcdatamodel;
		};
/* End XCVersionGroup section */
	};
	rootObject = C0B834E1299D2BF5001436E8 /* Project object */;
}
